
Microsoft Visual Studio Solution File, Format Version 12.00
# Visual Studio Version 16
VisualStudioVersion = 16.0.32106.194
MinimumVisualStudioVersion = 10.0.40219.1
Project("{FAE04EC0-301F-11D3-BF4B-00C04F79EFBC}") = "Kapitalrechner", "Kapitalrechner\Kapitalrechner.csproj", "{C6E1366B-7C67-4CC9-B797-ED3AC83DD9F6}"
EndProject
Project("{FAE04EC0-301F-11D3-BF4B-00C04F79EFBC}") = "RECHNER", "RECHNER\RECHNER.csproj", "{2C61C37C-1524-4B7B-8DBA-0CB22453F078}"
EndProject
Global
	GlobalSection(SolutionConfigurationPlatforms) = preSolution
		Debug|Any CPU = Debug|Any CPU
		Release|Any CPU = Release|Any CPU
	EndGlobalSection
	GlobalSection(ProjectConfigurationPlatforms) = postSolution
		{C6E1366B-7C67-4CC9-B797-ED3AC83DD9F6}.Debug|Any CPU.ActiveCfg = Debug|Any CPU
		{C6E1366B-7C67-4CC9-B797-ED3AC83DD9F6}.Debug|Any CPU.Build.0 = Debug|Any CPU
		{C6E1366B-7C67-4CC9-B797-ED3AC83DD9F6}.Release|Any CPU.ActiveCfg = Release|Any CPU
		{C6E1366B-7C67-4CC9-B797-ED3AC83DD9F6}.Release|Any CPU.Build.0 = Release|Any CPU
		{2C61C37C-1524-4B7B-8DBA-0CB22453F078}.Debug|Any CPU.ActiveCfg = Debug|Any CPU
		{2C61C37C-1524-4B7B-8DBA-0CB22453F078}.Debug|Any CPU.Build.0 = Debug|Any CPU
		{2C61C37C-1524-4B7B-8DBA-0CB22453F078}.Release|Any CPU.ActiveCfg = Release|Any CPU
		{2C61C37C-1524-4B7B-8DBA-0CB22453F078}.Release|Any CPU.Build.0 = Release|Any CPU
	EndGlobalSection
	GlobalSection(SolutionProperties) = preSolution
		HideSolutionNode = FALSE
	EndGlobalSection
	GlobalSection(ExtensibilityGlobals) = postSolution
		SolutionGuid = {E93DC499-233D-4EA3-96EE-4D3C2B51BD9B}
	EndGlobalSection
EndGlobal
